Microsoft Visual Studio Solution File, Format Version 12.00
# Visual Studio Version 17
VisualStudioVersion = 17.5.2.0
MinimumVisualStudioVersion = 10.0.40219.1
Project("{FAE04EC0-301F-11D3-BF4B-00C04F79EFBC}") = "AlumniManagementSystem", "AlumniManagementSystem.csproj", "{64FBD2B5-C01B-506F-68BB-C0E360932E14}"
EndProject
Global
	GlobalSection(SolutionConfigurationPlatforms) = preSolution
		Debug|Any CPU = Debug|Any CPU
		Release|Any CPU = Release|Any CPU
	EndGlobalSection
	GlobalSection(ProjectConfigurationPlatforms) = postSolution
		{64FBD2B5-C01B-506F-68BB-C0E360932E14}.Debug|Any CPU.ActiveCfg = Debug|Any CPU
		{64FBD2B5-C01B-506F-68BB-C0E360932E14}.Debug|Any CPU.Build.0 = Debug|Any CPU
		{64FBD2B5-C01B-506F-68BB-C0E360932E14}.Release|Any CPU.ActiveCfg = Release|Any CPU
		{64FBD2B5-C01B-506F-68BB-C0E360932E14}.Release|Any CPU.Build.0 = Release|Any CPU
	EndGlobalSection
	GlobalSection(SolutionProperties) = preSolution
		HideSolutionNode = FALSE
	EndGlobalSection
	GlobalSection(ExtensibilityGlobals) = postSolution
		SolutionGuid = {C5163A6F-6983-44A3-BD1E-685925B87446}
	EndGlobalSection
EndGlobal
